
Microsoft Visual Studio Solution File, Format Version 12.00
# Visual Studio Version 17
VisualStudioVersion = 17.2.32616.157
MinimumVisualStudioVersion = 10.0.40219.1
Project("{8BC9CEB8-8B4A-11D0-8D11-00A0C91BC942}") = "vector", "constructor\constructor.vcxproj", "{5A5886BA-9D0C-46BD-8A45-FA6BB7963781}"
EndProject
Project("{8BC9CEB8-8B4A-11D0-8D11-00A0C91BC942}") = "string", "string\string.vcxproj", "{237FF37D-7977-461B-977C-6856C2CCE965}"
EndProject
Project("{8BC9CEB8-8B4A-11D0-8D11-00A0C91BC942}") = "fraction", "fraction\fraction.vcxproj", "{EE94C237-43E7-4CB2-9111-7E5C5F898254}"
EndProject
Project("{8BC9CEB8-8B4A-11D0-8D11-00A0C91BC942}") = "train", "train\train.vcxproj", "{ACAD832A-2FF8-4276-9BF9-FC3946D54AA5}"
EndProject
Project("{8BC9CEB8-8B4A-11D0-8D11-00A0C91BC942}") = "comp_store", "comp_store\comp_store.vcxproj", "{6D23C3C1-08A2-4B1E-BCFB-D74156E51C0B}"
EndProject
Project("{8BC9CEB8-8B4A-11D0-8D11-00A0C91BC942}") = "one_linked", "one_linked\one_linked.vcxproj", "{CE127E87-9E5C-465D-A4D0-26BCAAE33DDD}"
EndProject
Project("{8BC9CEB8-8B4A-11D0-8D11-00A0C91BC942}") = "two_linked", "two_linked\two_linked.vcxproj", "{A239522A-F8BD-41A2-8A38-00C72C61FF8E}"
EndProject
Project("{8BC9CEB8-8B4A-11D0-8D11-00A0C91BC942}") = "inbuilt_string", "inbuilt_string\inbuilt_string.vcxproj", "{4DB94D4A-67BF-4C48-8F7E-D3BA976D2017}"
EndProject
Project("{8BC9CEB8-8B4A-11D0-8D11-00A0C91BC942}") = "prior_queue", "Project1\Project1.vcxproj", "{49AB43D1-5D7A-440A-8BCA-BCA85992047C}"
EndProject
Project("{8BC9CEB8-8B4A-11D0-8D11-00A0C91BC942}") = "compos", "compos\compos.vcxproj", "{D5C079D2-ACAC-4E11-8C33-AE8E31CFE21D}"
EndProject
Project("{8BC9CEB8-8B4A-11D0-8D11-00A0C91BC942}") = "virt_classes", "virt_classes\virt_classes.vcxproj", "{63025613-B65D-44A0-9E3D-89C9B0916FEE}"
EndProject
Project("{8BC9CEB8-8B4A-11D0-8D11-00A0C91BC942}") = "exception", "exception\exception.vcxproj", "{9A180AA5-0251-48F2-A34D-22BA99180A52}"
EndProject
Project("{8BC9CEB8-8B4A-11D0-8D11-00A0C91BC942}") = "polimorphism", "polimorphism\polimorphism.vcxproj", "{7EDC72CC-331B-448C-A7E3-EF5F3F963F62}"
EndProject
Project("{8BC9CEB8-8B4A-11D0-8D11-00A0C91BC942}") = "poli_inheritance", "poli_inheritance\poli_inheritance.vcxproj", "{D0A25937-F569-4471-A289-D8CD10FC45F0}"
EndProject
Project("{8BC9CEB8-8B4A-11D0-8D11-00A0C91BC942}") = "Streams", "Streams\Streams.vcxproj", "{4CBA837A-1F6E-4300-A5F7-427D7396A728}"
EndProject
Project("{8BC9CEB8-8B4A-11D0-8D11-00A0C91BC942}") = "Streams_new", "Streams_new\Streams_new.vcxproj", "{89E2D2C1-F5C1-469A-B7A7-065A75A8F05B}"
EndProject
Project("{8BC9CEB8-8B4A-11D0-8D11-00A0C91BC942}") = "func_class", "func_class\func_class.vcxproj", "{B066144C-AD46-46C1-AFF2-7EA002CB8A35}"
EndProject
Project("{8BC9CEB8-8B4A-11D0-8D11-00A0C91BC942}") = "stl_vector", "inbuilt_vector\inbuilt_vector.vcxproj", "{A98D3200-4D6F-4B7F-B8AD-1AEFF5469FAB}"
EndProject
Project("{8BC9CEB8-8B4A-11D0-8D11-00A0C91BC942}") = "containers", "containers\containers.vcxproj", "{C19B6ABE-3342-44F3-9F33-3D9CDFDD44E5}"
EndProject
Project("{8BC9CEB8-8B4A-11D0-8D11-00A0C91BC942}") = "stl_map", "stl_map\stl_map.vcxproj", "{48897D89-641C-4442-AD4F-F433B1B1736A}"
EndProject
Project("{8BC9CEB8-8B4A-11D0-8D11-00A0C91BC942}") = "algorithm", "algorithm\algorithm.vcxproj", "{96601A79-190F-419A-B677-0CD940E707E7}"
EndProject
Project("{8BC9CEB8-8B4A-11D0-8D11-00A0C91BC942}") = "lamda_funcs", "lamda_funcs\lamda_funcs.vcxproj", "{C3BE3C94-DE9E-43C5-B030-00F07D65A3F9}"
EndProject
Project("{8BC9CEB8-8B4A-11D0-8D11-00A0C91BC942}") = "final_lab", "final_lab\final_lab.vcxproj", "{AE9F4278-69F5-45F5-B7F0-D5EE5B589E0F}"
EndProject
Project("{8BC9CEB8-8B4A-11D0-8D11-00A0C91BC942}") = "dealership", "dealership\dealership.vcxproj", "{CFB22906-017A-4841-BE0A-06ACF0FD9E8F}"
EndProject
Global
	GlobalSection(SolutionConfigurationPlatforms) = preSolution
		Debug|x64 = Debug|x64
		Debug|x86 = Debug|x86
		Release|x64 = Release|x64
		Release|x86 = Release|x86
	EndGlobalSection
	GlobalSection(ProjectConfigurationPlatforms) = postSolution
		{5A5886BA-9D0C-46BD-8A45-FA6BB7963781}.Debug|x64.ActiveCfg = Debug|x64
		{5A5886BA-9D0C-46BD-8A45-FA6BB7963781}.Debug|x64.Build.0 = Debug|x64
		{5A5886BA-9D0C-46BD-8A45-FA6BB7963781}.Debug|x86.ActiveCfg = Debug|Win32
		{5A5886BA-9D0C-46BD-8A45-FA6BB7963781}.Debug|x86.Build.0 = Debug|Win32
		{5A5886BA-9D0C-46BD-8A45-FA6BB7963781}.Release|x64.ActiveCfg = Release|x64
		{5A5886BA-9D0C-46BD-8A45-FA6BB7963781}.Release|x64.Build.0 = Release|x64
		{5A5886BA-9D0C-46BD-8A45-FA6BB7963781}.Release|x86.ActiveCfg = Release|Win32
		{5A5886BA-9D0C-46BD-8A45-FA6BB7963781}.Release|x86.Build.0 = Release|Win32
		{237FF37D-7977-461B-977C-6856C2CCE965}.Debug|x64.ActiveCfg = Debug|x64
		{237FF37D-7977-461B-977C-6856C2CCE965}.Debug|x64.Build.0 = Debug|x64
		{237FF37D-7977-461B-977C-6856C2CCE965}.Debug|x86.ActiveCfg = Debug|Win32
		{237FF37D-7977-461B-977C-6856C2CCE965}.Debug|x86.Build.0 = Debug|Win32
		{237FF37D-7977-461B-977C-6856C2CCE965}.Release|x64.ActiveCfg = Release|x64
		{237FF37D-7977-461B-977C-6856C2CCE965}.Release|x64.Build.0 = Release|x64
		{237FF37D-7977-461B-977C-6856C2CCE965}.Release|x86.ActiveCfg = Release|Win32
		{237FF37D-7977-461B-977C-6856C2CCE965}.Release|x86.Build.0 = Release|Win32
		{EE94C237-43E7-4CB2-9111-7E5C5F898254}.Debug|x64.ActiveCfg = Debug|x64
		{EE94C237-43E7-4CB2-9111-7E5C5F898254}.Debug|x64.Build.0 = Debug|x64
		{EE94C237-43E7-4CB2-9111-7E5C5F898254}.Debug|x86.ActiveCfg = Debug|Win32
		{EE94C237-43E7-4CB2-9111-7E5C5F898254}.Debug|x86.Build.0 = Debug|Win32
		{EE94C237-43E7-4CB2-9111-7E5C5F898254}.Release|x64.ActiveCfg = Release|x64
		{EE94C237-43E7-4CB2-9111-7E5C5F898254}.Release|x64.Build.0 = Release|x64
		{EE94C237-43E7-4CB2-9111-7E5C5F898254}.Release|x86.ActiveCfg = Release|Win32
		{EE94C237-43E7-4CB2-9111-7E5C5F898254}.Release|x86.Build.0 = Release|Win32
		{ACAD832A-2FF8-4276-9BF9-FC3946D54AA5}.Debug|x64.ActiveCfg = Debug|x64
		{ACAD832A-2FF8-4276-9BF9-FC3946D54AA5}.Debug|x64.Build.0 = Debug|x64
		{ACAD832A-2FF8-4276-9BF9-FC3946D54AA5}.Debug|x86.ActiveCfg = Debug|Win32
		{ACAD832A-2FF8-4276-9BF9-FC3946D54AA5}.Debug|x86.Build.0 = Debug|Win32
		{ACAD832A-2FF8-4276-9BF9-FC3946D54AA5}.Release|x64.ActiveCfg = Release|x64
		{ACAD832A-2FF8-4276-9BF9-FC3946D54AA5}.Release|x64.Build.0 = Release|x64
		{ACAD832A-2FF8-4276-9BF9-FC3946D54AA5}.Release|x86.ActiveCfg = Release|Win32
		{ACAD832A-2FF8-4276-9BF9-FC3946D54AA5}.Release|x86.Build.0 = Release|Win32
		{6D23C3C1-08A2-4B1E-BCFB-D74156E51C0B}.Debug|x64.ActiveCfg = Debug|x64
		{6D23C3C1-08A2-4B1E-BCFB-D74156E51C0B}.Debug|x64.Build.0 = Debug|x64
		{6D23C3C1-08A2-4B1E-BCFB-D74156E51C0B}.Debug|x86.ActiveCfg = Debug|Win32
		{6D23C3C1-08A2-4B1E-BCFB-D74156E51C0B}.Debug|x86.Build.0 = Debug|Win32
		{6D23C3C1-08A2-4B1E-BCFB-D74156E51C0B}.Release|x64.ActiveCfg = Release|x64
		{6D23C3C1-08A2-4B1E-BCFB-D74156E51C0B}.Release|x64.Build.0 = Release|x64
		{6D23C3C1-08A2-4B1E-BCFB-D74156E51C0B}.Release|x86.ActiveCfg = Release|Win32
		{6D23C3C1-08A2-4B1E-BCFB-D74156E51C0B}.Release|x86.Build.0 = Release|Win32
		{CE127E87-9E5C-465D-A4D0-26BCAAE33DDD}.Debug|x64.ActiveCfg = Debug|x64
		{CE127E87-9E5C-465D-A4D0-26BCAAE33DDD}.Debug|x64.Build.0 = Debug|x64
		{CE127E87-9E5C-465D-A4D0-26BCAAE33DDD}.Debug|x86.ActiveCfg = Debug|Win32
		{CE127E87-9E5C-465D-A4D0-26BCAAE33DDD}.Debug|x86.Build.0 = Debug|Win32
		{CE127E87-9E5C-465D-A4D0-26BCAAE33DDD}.Release|x64.ActiveCfg = Release|x64
		{CE127E87-9E5C-465D-A4D0-26BCAAE33DDD}.Release|x64.Build.0 = Release|x64
		{CE127E87-9E5C-465D-A4D0-26BCAAE33DDD}.Release|x86.ActiveCfg = Release|Win32
		{CE127E87-9E5C-465D-A4D0-26BCAAE33DDD}.Release|x86.Build.0 = Release|Win32
		{A239522A-F8BD-41A2-8A38-00C72C61FF8E}.Debug|x64.ActiveCfg = Debug|x64
		{A239522A-F8BD-41A2-8A38-00C72C61FF8E}.Debug|x64.Build.0 = Debug|x64
		{A239522A-F8BD-41A2-8A38-00C72C61FF8E}.Debug|x86.ActiveCfg = Debug|Win32
		{A239522A-F8BD-41A2-8A38-00C72C61FF8E}.Debug|x86.Build.0 = Debug|Win32
		{A239522A-F8BD-41A2-8A38-00C72C61FF8E}.Release|x64.ActiveCfg = Release|x64
		{A239522A-F8BD-41A2-8A38-00C72C61FF8E}.Release|x64.Build.0 = Release|x64
		{A239522A-F8BD-41A2-8A38-00C72C61FF8E}.Release|x86.ActiveCfg = Release|Win32
		{A239522A-F8BD-41A2-8A38-00C72C61FF8E}.Release|x86.Build.0 = Release|Win32
		{4DB94D4A-67BF-4C48-8F7E-D3BA976D2017}.Debug|x64.ActiveCfg = Debug|x64
		{4DB94D4A-67BF-4C48-8F7E-D3BA976D2017}.Debug|x64.Build.0 = Debug|x64
		{4DB94D4A-67BF-4C48-8F7E-D3BA976D2017}.Debug|x86.ActiveCfg = Debug|Win32
		{4DB94D4A-67BF-4C48-8F7E-D3BA976D2017}.Debug|x86.Build.0 = Debug|Win32
		{4DB94D4A-67BF-4C48-8F7E-D3BA976D2017}.Release|x64.ActiveCfg = Release|x64
		{4DB94D4A-67BF-4C48-8F7E-D3BA976D2017}.Release|x64.Build.0 = Release|x64
		{4DB94D4A-67BF-4C48-8F7E-D3BA976D2017}.Release|x86.ActiveCfg = Release|Win32
		{4DB94D4A-67BF-4C48-8F7E-D3BA976D2017}.Release|x86.Build.0 = Release|Win32
		{49AB43D1-5D7A-440A-8BCA-BCA85992047C}.Debug|x64.ActiveCfg = Debug|x64
		{49AB43D1-5D7A-440A-8BCA-BCA85992047C}.Debug|x64.Build.0 = Debug|x64
		{49AB43D1-5D7A-440A-8BCA-BCA85992047C}.Debug|x86.ActiveCfg = Debug|Win32
		{49AB43D1-5D7A-440A-8BCA-BCA85992047C}.Debug|x86.Build.0 = Debug|Win32
		{49AB43D1-5D7A-440A-8BCA-BCA85992047C}.Release|x64.ActiveCfg = Release|x64
		{49AB43D1-5D7A-440A-8BCA-BCA85992047C}.Release|x64.Build.0 = Release|x64
		{49AB43D1-5D7A-440A-8BCA-BCA85992047C}.Release|x86.ActiveCfg = Release|Win32
		{49AB43D1-5D7A-440A-8BCA-BCA85992047C}.Release|x86.Build.0 = Release|Win32
		{D5C079D2-ACAC-4E11-8C33-AE8E31CFE21D}.Debug|x64.ActiveCfg = Debug|x64
		{D5C079D2-ACAC-4E11-8C33-AE8E31CFE21D}.Debug|x64.Build.0 = Debug|x64
		{D5C079D2-ACAC-4E11-8C33-AE8E31CFE21D}.Debug|x86.ActiveCfg = Debug|Win32
		{D5C079D2-ACAC-4E11-8C33-AE8E31CFE21D}.Debug|x86.Build.0 = Debug|Win32
		{D5C079D2-ACAC-4E11-8C33-AE8E31CFE21D}.Release|x64.ActiveCfg = Release|x64
		{D5C079D2-ACAC-4E11-8C33-AE8E31CFE21D}.Release|x64.Build.0 = Release|x64
		{D5C079D2-ACAC-4E11-8C33-AE8E31CFE21D}.Release|x86.ActiveCfg = Release|Win32
		{D5C079D2-ACAC-4E11-8C33-AE8E31CFE21D}.Release|x86.Build.0 = Release|Win32
		{63025613-B65D-44A0-9E3D-89C9B0916FEE}.Debug|x64.ActiveCfg = Debug|x64
		{63025613-B65D-44A0-9E3D-89C9B0916FEE}.Debug|x64.Build.0 = Debug|x64
		{63025613-B65D-44A0-9E3D-89C9B0916FEE}.Debug|x86.ActiveCfg = Debug|Win32
		{63025613-B65D-44A0-9E3D-89C9B0916FEE}.Debug|x86.Build.0 = Debug|Win32
		{63025613-B65D-44A0-9E3D-89C9B0916FEE}.Release|x64.ActiveCfg = Release|x64
		{63025613-B65D-44A0-9E3D-89C9B0916FEE}.Release|x64.Build.0 = Release|x64
		{63025613-B65D-44A0-9E3D-89C9B0916FEE}.Release|x86.ActiveCfg = Release|Win32
		{63025613-B65D-44A0-9E3D-89C9B0916FEE}.Release|x86.Build.0 = Release|Win32
		{9A180AA5-0251-48F2-A34D-22BA99180A52}.Debug|x64.ActiveCfg = Debug|x64
		{9A180AA5-0251-48F2-A34D-22BA99180A52}.Debug|x64.Build.0 = Debug|x64
		{9A180AA5-0251-48F2-A34D-22BA99180A52}.Debug|x86.ActiveCfg = Debug|Win32
		{9A180AA5-0251-48F2-A34D-22BA99180A52}.Debug|x86.Build.0 = Debug|Win32
		{9A180AA5-0251-48F2-A34D-22BA99180A52}.Release|x64.ActiveCfg = Release|x64
		{9A180AA5-0251-48F2-A34D-22BA99180A52}.Release|x64.Build.0 = Release|x64
		{9A180AA5-0251-48F2-A34D-22BA99180A52}.Release|x86.ActiveCfg = Release|Win32
		{9A180AA5-0251-48F2-A34D-22BA99180A52}.Release|x86.Build.0 = Release|Win32
		{7EDC72CC-331B-448C-A7E3-EF5F3F963F62}.Debug|x64.ActiveCfg = Debug|x64
		{7EDC72CC-331B-448C-A7E3-EF5F3F963F62}.Debug|x64.Build.0 = Debug|x64
		{7EDC72CC-331B-448C-A7E3-EF5F3F963F62}.Debug|x86.ActiveCfg = Debug|Win32
		{7EDC72CC-331B-448C-A7E3-EF5F3F963F62}.Debug|x86.Build.0 = Debug|Win32
		{7EDC72CC-331B-448C-A7E3-EF5F3F963F62}.Release|x64.ActiveCfg = Release|x64
		{7EDC72CC-331B-448C-A7E3-EF5F3F963F62}.Release|x64.Build.0 = Release|x64
		{7EDC72CC-331B-448C-A7E3-EF5F3F963F62}.Release|x86.ActiveCfg = Release|Win32
		{7EDC72CC-331B-448C-A7E3-EF5F3F963F62}.Release|x86.Build.0 = Release|Win32
		{D0A25937-F569-4471-A289-D8CD10FC45F0}.Debug|x64.ActiveCfg = Debug|x64
		{D0A25937-F569-4471-A289-D8CD10FC45F0}.Debug|x64.Build.0 = Debug|x64
		{D0A25937-F569-4471-A289-D8CD10FC45F0}.Debug|x86.ActiveCfg = Debug|Win32
		{D0A25937-F569-4471-A289-D8CD10FC45F0}.Debug|x86.Build.0 = Debug|Win32
		{D0A25937-F569-4471-A289-D8CD10FC45F0}.Release|x64.ActiveCfg = Release|x64
		{D0A25937-F569-4471-A289-D8CD10FC45F0}.Release|x64.Build.0 = Release|x64
		{D0A25937-F569-4471-A289-D8CD10FC45F0}.Release|x86.ActiveCfg = Release|Win32
		{D0A25937-F569-4471-A289-D8CD10FC45F0}.Release|x86.Build.0 = Release|Win32
		{4CBA837A-1F6E-4300-A5F7-427D7396A728}.Debug|x64.ActiveCfg = Debug|x64
		{4CBA837A-1F6E-4300-A5F7-427D7396A728}.Debug|x64.Build.0 = Debug|x64
		{4CBA837A-1F6E-4300-A5F7-427D7396A728}.Debug|x86.ActiveCfg = Debug|Win32
		{4CBA837A-1F6E-4300-A5F7-427D7396A728}.Debug|x86.Build.0 = Debug|Win32
		{4CBA837A-1F6E-4300-A5F7-427D7396A728}.Release|x64.ActiveCfg = Release|x64
		{4CBA837A-1F6E-4300-A5F7-427D7396A728}.Release|x64.Build.0 = Release|x64
		{4CBA837A-1F6E-4300-A5F7-427D7396A728}.Release|x86.ActiveCfg = Release|Win32
		{4CBA837A-1F6E-4300-A5F7-427D7396A728}.Release|x86.Build.0 = Release|Win32
		{89E2D2C1-F5C1-469A-B7A7-065A75A8F05B}.Debug|x64.ActiveCfg = Debug|x64
		{89E2D2C1-F5C1-469A-B7A7-065A75A8F05B}.Debug|x64.Build.0 = Debug|x64
		{89E2D2C1-F5C1-469A-B7A7-065A75A8F05B}.Debug|x86.ActiveCfg = Debug|Win32
		{89E2D2C1-F5C1-469A-B7A7-065A75A8F05B}.Debug|x86.Build.0 = Debug|Win32
		{89E2D2C1-F5C1-469A-B7A7-065A75A8F05B}.Release|x64.ActiveCfg = Release|x64
		{89E2D2C1-F5C1-469A-B7A7-065A75A8F05B}.Release|x64.Build.0 = Release|x64
		{89E2D2C1-F5C1-469A-B7A7-065A75A8F05B}.Release|x86.ActiveCfg = Release|Win32
		{89E2D2C1-F5C1-469A-B7A7-065A75A8F05B}.Release|x86.Build.0 = Release|Win32
		{B066144C-AD46-46C1-AFF2-7EA002CB8A35}.Debug|x64.ActiveCfg = Debug|x64
		{B066144C-AD46-46C1-AFF2-7EA002CB8A35}.Debug|x64.Build.0 = Debug|x64
		{B066144C-AD46-46C1-AFF2-7EA002CB8A35}.Debug|x86.ActiveCfg = Debug|Win32
		{B066144C-AD46-46C1-AFF2-7EA002CB8A35}.Debug|x86.Build.0 = Debug|Win32
		{B066144C-AD46-46C1-AFF2-7EA002CB8A35}.Release|x64.ActiveCfg = Release|x64
		{B066144C-AD46-46C1-AFF2-7EA002CB8A35}.Release|x64.Build.0 = Release|x64
		{B066144C-AD46-46C1-AFF2-7EA002CB8A35}.Release|x86.ActiveCfg = Release|Win32
		{B066144C-AD46-46C1-AFF2-7EA002CB8A35}.Release|x86.Build.0 = Release|Win32
		{A98D3200-4D6F-4B7F-B8AD-1AEFF5469FAB}.Debug|x64.ActiveCfg = Debug|x64
		{A98D3200-4D6F-4B7F-B8AD-1AEFF5469FAB}.Debug|x64.Build.0 = Debug|x64
		{A98D3200-4D6F-4B7F-B8AD-1AEFF5469FAB}.Debug|x86.ActiveCfg = Debug|Win32
		{A98D3200-4D6F-4B7F-B8AD-1AEFF5469FAB}.Debug|x86.Build.0 = Debug|Win32
		{A98D3200-4D6F-4B7F-B8AD-1AEFF5469FAB}.Release|x64.ActiveCfg = Release|x64
		{A98D3200-4D6F-4B7F-B8AD-1AEFF5469FAB}.Release|x64.Build.0 = Release|x64
		{A98D3200-4D6F-4B7F-B8AD-1AEFF5469FAB}.Release|x86.ActiveCfg = Release|Win32
		{A98D3200-4D6F-4B7F-B8AD-1AEFF5469FAB}.Release|x86.Build.0 = Release|Win32
		{C19B6ABE-3342-44F3-9F33-3D9CDFDD44E5}.Debug|x64.ActiveCfg = Debug|x64
		{C19B6ABE-3342-44F3-9F33-3D9CDFDD44E5}.Debug|x64.Build.0 = Debug|x64
		{C19B6ABE-3342-44F3-9F33-3D9CDFDD44E5}.Debug|x86.ActiveCfg = Debug|Win32
		{C19B6ABE-3342-44F3-9F33-3D9CDFDD44E5}.Debug|x86.Build.0 = Debug|Win32
		{C19B6ABE-3342-44F3-9F33-3D9CDFDD44E5}.Release|x64.ActiveCfg = Release|x64
		{C19B6ABE-3342-44F3-9F33-3D9CDFDD44E5}.Release|x64.Build.0 = Release|x64
		{C19B6ABE-3342-44F3-9F33-3D9CDFDD44E5}.Release|x86.ActiveCfg = Release|Win32
		{C19B6ABE-3342-44F3-9F33-3D9CDFDD44E5}.Release|x86.Build.0 = Release|Win32
		{48897D89-641C-4442-AD4F-F433B1B1736A}.Debug|x64.ActiveCfg = Debug|x64
		{48897D89-641C-4442-AD4F-F433B1B1736A}.Debug|x64.Build.0 = Debug|x64
		{48897D89-641C-4442-AD4F-F433B1B1736A}.Debug|x86.ActiveCfg = Debug|Win32
		{48897D89-641C-4442-AD4F-F433B1B1736A}.Debug|x86.Build.0 = Debug|Win32
		{48897D89-641C-4442-AD4F-F433B1B1736A}.Release|x64.ActiveCfg = Release|x64
		{48897D89-641C-4442-AD4F-F433B1B1736A}.Release|x64.Build.0 = Release|x64
		{48897D89-641C-4442-AD4F-F433B1B1736A}.Release|x86.ActiveCfg = Release|Win32
		{48897D89-641C-4442-AD4F-F433B1B1736A}.Release|x86.Build.0 = Release|Win32
		{96601A79-190F-419A-B677-0CD940E707E7}.Debug|x64.ActiveCfg = Debug|x64
		{96601A79-190F-419A-B677-0CD940E707E7}.Debug|x64.Build.0 = Debug|x64
		{96601A79-190F-419A-B677-0CD940E707E7}.Debug|x86.ActiveCfg = Debug|Win32
		{96601A79-190F-419A-B677-0CD940E707E7}.Debug|x86.Build.0 = Debug|Win32
		{96601A79-190F-419A-B677-0CD940E707E7}.Release|x64.ActiveCfg = Release|x64
		{96601A79-190F-419A-B677-0CD940E707E7}.Release|x64.Build.0 = Release|x64
		{96601A79-190F-419A-B677-0CD940E707E7}.Release|x86.ActiveCfg = Release|Win32
		{96601A79-190F-419A-B677-0CD940E707E7}.Release|x86.Build.0 = Release|Win32
		{C3BE3C94-DE9E-43C5-B030-00F07D65A3F9}.Debug|x64.ActiveCfg = Debug|x64
		{C3BE3C94-DE9E-43C5-B030-00F07D65A3F9}.Debug|x64.Build.0 = Debug|x64
		{C3BE3C94-DE9E-43C5-B030-00F07D65A3F9}.Debug|x86.ActiveCfg = Debug|Win32
		{C3BE3C94-DE9E-43C5-B030-00F07D65A3F9}.Debug|x86.Build.0 = Debug|Win32
		{C3BE3C94-DE9E-43C5-B030-00F07D65A3F9}.Release|x64.ActiveCfg = Release|x64
		{C3BE3C94-DE9E-43C5-B030-00F07D65A3F9}.Release|x64.Build.0 = Release|x64
		{C3BE3C94-DE9E-43C5-B030-00F07D65A3F9}.Release|x86.ActiveCfg = Release|Win32
		{C3BE3C94-DE9E-43C5-B030-00F07D65A3F9}.Release|x86.Build.0 = Release|Win32
		{AE9F4278-69F5-45F5-B7F0-D5EE5B589E0F}.Debug|x64.ActiveCfg = Debug|x64
		{AE9F4278-69F5-45F5-B7F0-D5EE5B589E0F}.Debug|x64.Build.0 = Debug|x64
		{AE9F4278-69F5-45F5-B7F0-D5EE5B589E0F}.Debug|x86.ActiveCfg = Debug|Win32
		{AE9F4278-69F5-45F5-B7F0-D5EE5B589E0F}.Debug|x86.Build.0 = Debug|Win32
		{AE9F4278-69F5-45F5-B7F0-D5EE5B589E0F}.Release|x64.ActiveCfg = Release|x64
		{AE9F4278-69F5-45F5-B7F0-D5EE5B589E0F}.Release|x64.Build.0 = Release|x64
		{AE9F4278-69F5-45F5-B7F0-D5EE5B589E0F}.Release|x86.ActiveCfg = Release|Win32
		{AE9F4278-69F5-45F5-B7F0-D5EE5B589E0F}.Release|x86.Build.0 = Release|Win32
		{CFB22906-017A-4841-BE0A-06ACF0FD9E8F}.Debug|x64.ActiveCfg = Debug|x64
		{CFB22906-017A-4841-BE0A-06ACF0FD9E8F}.Debug|x64.Build.0 = Debug|x64
		{CFB22906-017A-4841-BE0A-06ACF0FD9E8F}.Debug|x86.ActiveCfg = Debug|Win32
		{CFB22906-017A-4841-BE0A-06ACF0FD9E8F}.Debug|x86.Build.0 = Debug|Win32
		{CFB22906-017A-4841-BE0A-06ACF0FD9E8F}.Release|x64.ActiveCfg = Release|x64
		{CFB22906-017A-4841-BE0A-06ACF0FD9E8F}.Release|x64.Build.0 = Release|x64
		{CFB22906-017A-4841-BE0A-06ACF0FD9E8F}.Release|x86.ActiveCfg = Release|Win32
		{CFB22906-017A-4841-BE0A-06ACF0FD9E8F}.Release|x86.Build.0 = Release|Win32
	EndGlobalSection
	GlobalSection(SolutionProperties) = preSolution
		HideSolutionNode = FALSE
	EndGlobalSection
	GlobalSection(ExtensibilityGlobals) = postSolution
		SolutionGuid = {F39A3AFE-F8C7-479F-95EF-815BDAC41AE9}
	EndGlobalSection
EndGlobal
